
Microsoft Visual Studio Solution File, Format Version 12.00
# Visual Studio Version 16
VisualStudioVersion = 16.0.32002.261
MinimumVisualStudioVersion = 10.0.40219.1
Project("{FAE04EC0-301F-11D3-BF4B-00C04F79EFBC}") = "ransomware", "ransomware.csproj", "{FC6D8479-6483-49A5-A64D-720D0175D232}"
EndProject
Global
	GlobalSection(SolutionConfigurationPlatforms) = preSolution
		Debug|Any CPU = Debug|Any CPU
		Release|Any CPU = Release|Any CPU
	EndGlobalSection
	GlobalSection(ProjectConfigurationPlatforms) = postSolution
		{FC6D8479-6483-49A5-A64D-720D0175D232}.Debug|Any CPU.ActiveCfg = Debug|Any CPU
		{FC6D8479-6483-49A5-A64D-720D0175D232}.Debug|Any CPU.Build.0 = Debug|Any CPU
		{FC6D8479-6483-49A5-A64D-720D0175D232}.Release|Any CPU.ActiveCfg = Release|Any CPU
		{FC6D8479-6483-49A5-A64D-720D0175D232}.Release|Any CPU.Build.0 = Release|Any CPU
	EndGlobalSection
	GlobalSection(SolutionProperties) = preSolution
		HideSolutionNode = FALSE
	EndGlobalSection
	GlobalSection(ExtensibilityGlobals) = postSolution
		SolutionGuid = {2E9B5947-418E-4004-9579-C290D2243A6A}
	EndGlobalSection
EndGlobal
